
Microsoft Visual Studio Solution File, Format Version 11.00
# Visual Studio 2010
Project("{FAE04EC0-301F-11D3-BF4B-00C04F79EFBC}") = "WCFDemo", "WCFDemo\WCFDemo.csproj", "{71BBC495-6A2C-485B-9244-116A47A4B673}"
EndProject
Project("{FAE04EC0-301F-11D3-BF4B-00C04F79EFBC}") = "DemoClient", "DemoClient\DemoClient.csproj", "{902811DF-8A7B-4D29-9472-BE75DD2CE552}"
	ProjectSection(ProjectDependencies) = postProject
		{71BBC495-6A2C-485B-9244-116A47A4B673} = {71BBC495-6A2C-485B-9244-116A47A4B673}
	EndProjectSection
EndProject
Global
	GlobalSection(SolutionConfigurationPlatforms) = preSolution
		Debug|Any CPU = Debug|Any CPU
		Debug|Mixed Platforms = Debug|Mixed Platforms
		Debug|x86 = Debug|x86
		Release|Any CPU = Release|Any CPU
		Release|Mixed Platforms = Release|Mixed Platforms
		Release|x86 = Release|x86
	EndGlobalSection
	GlobalSection(ProjectConfigurationPlatforms) = postSolution
		{71BBC495-6A2C-485B-9244-116A47A4B673}.Debug|Any CPU.ActiveCfg = Debug|Any CPU
		{71BBC495-6A2C-485B-9244-116A47A4B673}.Debug|Any CPU.Build.0 = Debug|Any CPU
		{71BBC495-6A2C-485B-9244-116A47A4B673}.Debug|Mixed Platforms.ActiveCfg = Debug|Any CPU
		{71BBC495-6A2C-485B-9244-116A47A4B673}.Debug|Mixed Platforms.Build.0 = Debug|Any CPU
		{71BBC495-6A2C-485B-9244-116A47A4B673}.Debug|x86.ActiveCfg = Debug|Any CPU
		{71BBC495-6A2C-485B-9244-116A47A4B673}.Release|Any CPU.ActiveCfg = Release|Any CPU
		{71BBC495-6A2C-485B-9244-116A47A4B673}.Release|Any CPU.Build.0 = Release|Any CPU
		{71BBC495-6A2C-485B-9244-116A47A4B673}.Release|Mixed Platforms.ActiveCfg = Release|Any CPU
		{71BBC495-6A2C-485B-9244-116A47A4B673}.Release|Mixed Platforms.Build.0 = Release|Any CPU
		{71BBC495-6A2C-485B-9244-116A47A4B673}.Release|x86.ActiveCfg = Release|Any CPU
		{902811DF-8A7B-4D29-9472-BE75DD2CE552}.Debug|Any CPU.ActiveCfg = Debug|x86
		{902811DF-8A7B-4D29-9472-BE75DD2CE552}.Debug|Mixed Platforms.ActiveCfg = Debug|x86
		{902811DF-8A7B-4D29-9472-BE75DD2CE552}.Debug|Mixed Platforms.Build.0 = Debug|x86
		{902811DF-8A7B-4D29-9472-BE75DD2CE552}.Debug|x86.ActiveCfg = Debug|x86
		{902811DF-8A7B-4D29-9472-BE75DD2CE552}.Debug|x86.Build.0 = Debug|x86
		{902811DF-8A7B-4D29-9472-BE75DD2CE552}.Release|Any CPU.ActiveCfg = Release|x86
		{902811DF-8A7B-4D29-9472-BE75DD2CE552}.Release|Mixed Platforms.ActiveCfg = Release|x86
		{902811DF-8A7B-4D29-9472-BE75DD2CE552}.Release|Mixed Platforms.Build.0 = Release|x86
		{902811DF-8A7B-4D29-9472-BE75DD2CE552}.Release|x86.ActiveCfg = Release|x86
		{902811DF-8A7B-4D29-9472-BE75DD2CE552}.Release|x86.Build.0 = Release|x86
	EndGlobalSection
	GlobalSection(SolutionProperties) = preSolution
		HideSolutionNode = FALSE
	EndGlobalSection
EndGlobal
